
Microsoft Visual Studio Solution File, Format Version 12.00
# Visual Studio Version 16
VisualStudioVersion = 16.0.30523.141
MinimumVisualStudioVersion = 10.0.40219.1
Project("{FAE04EC0-301F-11D3-BF4B-00C04F79EFBC}") = "exec", "exec\exec.csproj", "{4C22B0D5-7AE0-4619-841D-4C905F0373D9}"
EndProject
Global
	GlobalSection(SolutionConfigurationPlatforms) = preSolution
		Debug|Any CPU = Debug|Any CPU
		Release|Any CPU = Release|Any CPU
	EndGlobalSection
	GlobalSection(ProjectConfigurationPlatforms) = postSolution
		{4C22B0D5-7AE0-4619-841D-4C905F0373D9}.Debug|Any CPU.ActiveCfg = Debug|Any CPU
		{4C22B0D5-7AE0-4619-841D-4C905F0373D9}.Debug|Any CPU.Build.0 = Debug|Any CPU
		{4C22B0D5-7AE0-4619-841D-4C905F0373D9}.Release|Any CPU.ActiveCfg = Release|Any CPU
		{4C22B0D5-7AE0-4619-841D-4C905F0373D9}.Release|Any CPU.Build.0 = Release|Any CPU
	EndGlobalSection
	GlobalSection(SolutionProperties) = preSolution
		HideSolutionNode = FALSE
	EndGlobalSection
	GlobalSection(ExtensibilityGlobals) = postSolution
		SolutionGuid = {1054B047-DB9F-4CBB-B0D0-EE17BE054200}
	EndGlobalSection
EndGlobal
